<?xml version="1.0" encoding="utf-8"?>
<Project ToolsVersion="4.0" xmlns="http://schemas.microsoft.com/developer/msbuild/2003">
  <ItemGroup>
    <Filter Include="Source Files">
      <UniqueIdentifier>{4FC737F1-C7A5-4376-A066-2A32D752A2FF}</UniqueIdentifier>
      <Extensions>cpp;c;cc;cxx;c++;cppm;ixx;def;odl;idl;hpj;bat;asm;asmx</Extensions>
    </Filter>
    <Filter Include="Header Files">
      <UniqueIdentifier>{93995380-89BD-4b04-88EB-625FBE52EBFB}</UniqueIdentifier>
      <Extensions>h;hh;hpp;hxx;h++;hm;inl;inc;ipp;xsd</Extensions>
    </Filter>
    <Filter Include="Resource Files">
      <UniqueIdentifier>{67DA6AB6-F800-4c08-8B7A-83BB121AAD01}</UniqueIdentifier>
      <Extensions>rc;ico;cur;bmp;dlg;rc2;rct;bin;rgs;gif;jpg;jpeg;jpe;resx;tiff;tif;png;wav;mfcribbon-ms</Extensions>
    </Filter>
    <Filter Include="Source Files\imGui">
      <UniqueIdentifier>{b32b0784-7fee-4857-8c14-88fdd2fd3190}</UniqueIdentifier>
    </Filter>
    <Filter Include="Header Files\imGui">
      <UniqueIdentifier>{2d0ca32b-812f-4f85-8dfa-cc456170ca48}</UniqueIdentifier>
    </Filter>
  </ItemGroup>
  <ItemGroup>
    <ClCompile Include="..\..\Downloads\glad\src\glad.c">
      <Filter>Source Files</Filter>
    </ClCompile>
    <ClCompile Include="scrollingTexture\src.cpp">
      <Filter>Source Files</Filter>
    </ClCompile>
    <ClCompile Include="glfw-3.4\include\imGui\imgui.cpp">
      <Filter>Source Files\imGui</Filter>
    </ClCompile>
    <ClCompile Include="glfw-3.4\include\imGui\imgui_demo.cpp">
      <Filter>Source Files\imGui</Filter>
    </ClCompile>
    <ClCompile Include="glfw-3.4\include\imGui\imgui_draw.cpp">
      <Filter>Source Files\imGui</Filter>
    </ClCompile>
    <ClCompile Include="glfw-3.4\include\imGui\imgui_impl_glfw.cpp">
      <Filter>Source Files\imGui</Filter>
    </ClCompile>
    <ClCompile Include="glfw-3.4\include\imGui\imgui_impl_opengl3.cpp">
      <Filter>Source Files\imGui</Filter>
    </ClCompile>
    <ClCompile Include="glfw-3.4\include\imGui\imgui_tables.cpp">
      <Filter>Source Files\imGui</Filter>
    </ClCompile>
    <ClCompile Include="glfw-3.4\include\imGui\imgui_widgets.cpp">
      <Filter>Source Files\imGui</Filter>
    </ClCompile>
  </ItemGroup>
  <ItemGroup>
    <ClInclude Include="glfw-3.4\include\imGui\imconfig.h">
      <Filter>Header Files\imGui</Filter>
    </ClInclude>
    <ClInclude Include="glfw-3.4\include\imGui\imgui.h">
      <Filter>Header Files\imGui</Filter>
    </ClInclude>
    <ClInclude Include="glfw-3.4\include\imGui\imgui_impl_glfw.h">
      <Filter>Header Files\imGui</Filter>
    </ClInclude>
    <ClInclude Include="glfw-3.4\include\imGui\imgui_impl_opengl3.h">
      <Filter>Header Files\imGui</Filter>
    </ClInclude>
    <ClInclude Include="glfw-3.4\include\imGui\imgui_internal.h">
      <Filter>Header Files\imGui</Filter>
    </ClInclude>
    <ClInclude Include="glfw-3.4\include\imGui\imstb_rectpack.h">
      <Filter>Header Files\imGui</Filter>
    </ClInclude>
    <ClInclude Include="glfw-3.4\include\imGui\imstb_textedit.h">
      <Filter>Header Files\imGui</Filter>
    </ClInclude>
    <ClInclude Include="glfw-3.4\include\imGui\imstb_truetype.h">
      <Filter>Header Files\imGui</Filter>
    </ClInclude>
    <ClInclude Include="glfw-3.4\include\imGui\imgui_impl_opengl3_loader.h">
      <Filter>Header Files\imGui</Filter>
    </ClInclude>
  </ItemGroup>
</Project>